// !$*UTF8*$!
{
	archiveVersion = 1;
	classes = {
	};
	objectVersion = 56;
	objects = {

/* Begin PBXBuildFile section */
		02AEDD58CBAE0AD4F9FC157C /* Pods_Yummie.framework in Frameworks */ = {isa = PBXBuildFile; fileRef = C9402CA4211EB570FAF5EA0F /* Pods_Yummie.framework */; };
		AADDF47B29E9DF5C002BFD50 /* AppDelegate.swift in Sources */ = {isa = PBXBuildFile; fileRef = AADDF47A29E9DF5C002BFD50 /* AppDelegate.swift */; };
		AADDF47D29E9DF5C002BFD50 /* SceneDelegate.swift in Sources */ = {isa = PBXBuildFile; fileRef = AADDF47C29E9DF5C002BFD50 /* SceneDelegate.swift */; };
		AADDF48229E9DF5C002BFD50 /* Main.storyboard in Resources */ = {isa = PBXBuildFile; fileRef = AADDF48029E9DF5C002BFD50 /* Main.storyboard */; };
		AADDF48429E9DF5D002BFD50 /* Assets.xcassets in Resources */ = {isa = PBXBuildFile; fileRef = AADDF48329E9DF5D002BFD50 /* Assets.xcassets */; };
		AADDF48729E9DF5D002BFD50 /* LaunchScreen.storyboard in Resources */ = {isa = PBXBuildFile; fileRef = AADDF48529E9DF5D002BFD50 /* LaunchScreen.storyboard */; };
		AADDF49329E9DFBD002BFD50 /* OnBoardingViewController.swift in Sources */ = {isa = PBXBuildFile; fileRef = AADDF49229E9DFBD002BFD50 /* OnBoardingViewController.swift */; };
		AADDF49629E9E221002BFD50 /* UIView+Extension.swift in Sources */ = {isa = PBXBuildFile; fileRef = AADDF49529E9E221002BFD50 /* UIView+Extension.swift */; };
		AADDF49829E9E2C5002BFD50 /* OnboardingSlide.swift in Sources */ = {isa = PBXBuildFile; fileRef = AADDF49729E9E2C5002BFD50 /* OnboardingSlide.swift */; };
		AADDF49A29E9E46B002BFD50 /* OnBoardingCollectionViewCell.swift in Sources */ = {isa = PBXBuildFile; fileRef = AADDF49929E9E46B002BFD50 /* OnBoardingCollectionViewCell.swift */; };
		AADDF49D29E9F42D002BFD50 /* HomeViewController.swift in Sources */ = {isa = PBXBuildFile; fileRef = AADDF49C29E9F42D002BFD50 /* HomeViewController.swift */; };
		AADDF4A229E9F7D2002BFD50 /* CategoryCollectionViewCell.swift in Sources */ = {isa = PBXBuildFile; fileRef = AADDF4A029E9F7D2002BFD50 /* CategoryCollectionViewCell.swift */; };
		AADDF4A529E9F8D5002BFD50 /* DishCategory.swift in Sources */ = {isa = PBXBuildFile; fileRef = AADDF4A429E9F8D5002BFD50 /* DishCategory.swift */; };
		AADDF4A729E9F9FF002BFD50 /* String+Extension.swift in Sources */ = {isa = PBXBuildFile; fileRef = AADDF4A629E9F9FF002BFD50 /* String+Extension.swift */; };
		AADDF4A929EA1176002BFD50 /* CategoryCollectionViewCell.xib in Resources */ = {isa = PBXBuildFile; fileRef = AADDF4A829EA1176002BFD50 /* CategoryCollectionViewCell.xib */; };
		AADDF4AC29EA1530002BFD50 /* CardView.swift in Sources */ = {isa = PBXBuildFile; fileRef = AADDF4AB29EA1530002BFD50 /* CardView.swift */; };
/* End PBXBuildFile section */

/* Begin PBXFileReference section */
		328F78C853880C4A1CDBACE7 /* Pods-Yummie.debug.xcconfig */ = {isa = PBXFileReference; includeInIndex = 1; lastKnownFileType = text.xcconfig; name = "Pods-Yummie.debug.xcconfig"; path = "Target Support Files/Pods-Yummie/Pods-Yummie.debug.xcconfig"; sourceTree = "<group>"; };
		AADDF47729E9DF5C002BFD50 /* Yummie.app */ = {isa = PBXFileReference; explicitFileType = wrapper.application; includeInIndex = 0; path = Yummie.app; sourceTree = BUILT_PRODUCTS_DIR; };
		AADDF47A29E9DF5C002BFD50 /* AppDelegate.swift */ = {isa = PBXFileReference; lastKnownFileType = sourcecode.swift; path = AppDelegate.swift; sourceTree = "<group>"; };
		AADDF47C29E9DF5C002BFD50 /* SceneDelegate.swift */ = {isa = PBXFileReference; lastKnownFileType = sourcecode.swift; path = SceneDelegate.swift; sourceTree = "<group>"; };
		AADDF48129E9DF5C002BFD50 /* Base */ = {isa = PBXFileReference; lastKnownFileType = file.storyboard; name = Base; path = Base.lproj/Main.storyboard; sourceTree = "<group>"; };
		AADDF48329E9DF5D002BFD50 /* Assets.xcassets */ = {isa = PBXFileReference; lastKnownFileType = folder.assetcatalog; path = Assets.xcassets; sourceTree = "<group>"; };
		AADDF48629E9DF5D002BFD50 /* Base */ = {isa = PBXFileReference; lastKnownFileType = file.storyboard; name = Base; path = Base.lproj/LaunchScreen.storyboard; sourceTree = "<group>"; };
		AADDF48829E9DF5D002BFD50 /* Info.plist */ = {isa = PBXFileReference; lastKnownFileType = text.plist.xml; path = Info.plist; sourceTree = "<group>"; };
		AADDF49229E9DFBD002BFD50 /* OnBoardingViewController.swift */ = {isa = PBXFileReference; lastKnownFileType = sourcecode.swift; path = OnBoardingViewController.swift; sourceTree = "<group>"; };
		AADDF49529E9E221002BFD50 /* UIView+Extension.swift */ = {isa = PBXFileReference; lastKnownFileType = sourcecode.swift; path = "UIView+Extension.swift"; sourceTree = "<group>"; };
		AADDF49729E9E2C5002BFD50 /* OnboardingSlide.swift */ = {isa = PBXFileReference; lastKnownFileType = sourcecode.swift; path = OnboardingSlide.swift; sourceTree = "<group>"; };
		AADDF49929E9E46B002BFD50 /* OnBoardingCollectionViewCell.swift */ = {isa = PBXFileReference; lastKnownFileType = sourcecode.swift; path = OnBoardingCollectionViewCell.swift; sourceTree = "<group>"; };
		AADDF49C29E9F42D002BFD50 /* HomeViewController.swift */ = {isa = PBXFileReference; lastKnownFileType = sourcecode.swift; path = HomeViewController.swift; sourceTree = "<group>"; };
		AADDF4A029E9F7D2002BFD50 /* CategoryCollectionViewCell.swift */ = {isa = PBXFileReference; lastKnownFileType = sourcecode.swift; path = CategoryCollectionViewCell.swift; sourceTree = "<group>"; };
		AADDF4A429E9F8D5002BFD50 /* DishCategory.swift */ = {isa = PBXFileReference; lastKnownFileType = sourcecode.swift; path = DishCategory.swift; sourceTree = "<group>"; };
		AADDF4A629E9F9FF002BFD50 /* String+Extension.swift */ = {isa = PBXFileReference; lastKnownFileType = sourcecode.swift; path = "String+Extension.swift"; sourceTree = "<group>"; };
		AADDF4A829EA1176002BFD50 /* CategoryCollectionViewCell.xib */ = {isa = PBXFileReference; lastKnownFileType = file.xib; path = CategoryCollectionViewCell.xib; sourceTree = "<group>"; };
		AADDF4AB29EA1530002BFD50 /* CardView.swift */ = {isa = PBXFileReference; lastKnownFileType = sourcecode.swift; path = CardView.swift; sourceTree = "<group>"; };
		C9402CA4211EB570FAF5EA0F /* Pods_Yummie.framework */ = {isa = PBXFileReference; explicitFileType = wrapper.framework; includeInIndex = 0; path = Pods_Yummie.framework; sourceTree = BUILT_PRODUCTS_DIR; };
		D6ABDE174C80B1884163DE9F /* Pods-Yummie.release.xcconfig */ = {isa = PBXFileReference; includeInIndex = 1; lastKnownFileType = text.xcconfig; name = "Pods-Yummie.release.xcconfig"; path = "Target Support Files/Pods-Yummie/Pods-Yummie.release.xcconfig"; sourceTree = "<group>"; };
/* End PBXFileReference section */

/* Begin PBXFrameworksBuildPhase section */
		AADDF47429E9DF5C002BFD50 /* Frameworks */ = {
			isa = PBXFrameworksBuildPhase;
			buildActionMask = 2147483647;
			files = (
				02AEDD58CBAE0AD4F9FC157C /* Pods_Yummie.framework in Frameworks */,
			);
			runOnlyForDeploymentPostprocessing = 0;
		};
/* End PBXFrameworksBuildPhase section */

/* Begin PBXGroup section */
		373D5559D74675226CC7BC48 /* Frameworks */ = {
			isa = PBXGroup;
			children = (
				C9402CA4211EB570FAF5EA0F /* Pods_Yummie.framework */,
			);
			name = Frameworks;
			sourceTree = "<group>";
		};
		5A2143B7BE69C00CF8F5AC58 /* Pods */ = {
			isa = PBXGroup;
			children = (
				328F78C853880C4A1CDBACE7 /* Pods-Yummie.debug.xcconfig */,
				D6ABDE174C80B1884163DE9F /* Pods-Yummie.release.xcconfig */,
			);
			path = Pods;
			sourceTree = "<group>";
		};
		AADDF46E29E9DF5C002BFD50 = {
			isa = PBXGroup;
			children = (
				AADDF47929E9DF5C002BFD50 /* Yummie */,
				AADDF47829E9DF5C002BFD50 /* Products */,
				5A2143B7BE69C00CF8F5AC58 /* Pods */,
				373D5559D74675226CC7BC48 /* Frameworks */,
			);
			sourceTree = "<group>";
		};
		AADDF47829E9DF5C002BFD50 /* Products */ = {
			isa = PBXGroup;
			children = (
				AADDF47729E9DF5C002BFD50 /* Yummie.app */,
			);
			name = Products;
			sourceTree = "<group>";
		};
		AADDF47929E9DF5C002BFD50 /* Yummie */ = {
			isa = PBXGroup;
			children = (
				AADDF49429E9E212002BFD50 /* Extensions */,
				AADDF49029E9DF8F002BFD50 /* CustomViews */,
				AADDF48F29E9DF78002BFD50 /* Views */,
				AADDF48E29E9DF67002BFD50 /* Models */,
				AADDF47A29E9DF5C002BFD50 /* AppDelegate.swift */,
				AADDF47C29E9DF5C002BFD50 /* SceneDelegate.swift */,
				AADDF48029E9DF5C002BFD50 /* Main.storyboard */,
				AADDF48329E9DF5D002BFD50 /* Assets.xcassets */,
				AADDF48529E9DF5D002BFD50 /* LaunchScreen.storyboard */,
				AADDF48829E9DF5D002BFD50 /* Info.plist */,
			);
			path = Yummie;
			sourceTree = "<group>";
		};
		AADDF48E29E9DF67002BFD50 /* Models */ = {
			isa = PBXGroup;
			children = (
				AADDF49729E9E2C5002BFD50 /* OnboardingSlide.swift */,
				AADDF4A429E9F8D5002BFD50 /* DishCategory.swift */,
			);
			path = Models;
			sourceTree = "<group>";
		};
		AADDF48F29E9DF78002BFD50 /* Views */ = {
			isa = PBXGroup;
			children = (
				AADDF49B29E9F41E002BFD50 /* Home */,
				AADDF49129E9DF96002BFD50 /* OnBoarding */,
			);
			path = Views;
			sourceTree = "<group>";
		};
		AADDF49029E9DF8F002BFD50 /* CustomViews */ = {
			isa = PBXGroup;
			children = (
				AADDF4AA29EA1523002BFD50 /* CardView */,
				AADDF49E29E9F7A9002BFD50 /* CollectionViewCells */,
			);
			path = CustomViews;
			sourceTree = "<group>";
		};
		AADDF49129E9DF96002BFD50 /* OnBoarding */ = {
			isa = PBXGroup;
			children = (
				AADDF49229E9DFBD002BFD50 /* OnBoardingViewController.swift */,
				AADDF49929E9E46B002BFD50 /* OnBoardingCollectionViewCell.swift */,
			);
			path = OnBoarding;
			sourceTree = "<group>";
		};
		AADDF49429E9E212002BFD50 /* Extensions */ = {
			isa = PBXGroup;
			children = (
				AADDF49529E9E221002BFD50 /* UIView+Extension.swift */,
				AADDF4A629E9F9FF002BFD50 /* String+Extension.swift */,
			);
			path = Extensions;
			sourceTree = "<group>";
		};
		AADDF49B29E9F41E002BFD50 /* Home */ = {
			isa = PBXGroup;
			children = (
				AADDF49C29E9F42D002BFD50 /* HomeViewController.swift */,
			);
			path = Home;
			sourceTree = "<group>";
		};
		AADDF49E29E9F7A9002BFD50 /* CollectionViewCells */ = {
			isa = PBXGroup;
			children = (
				AADDF49F29E9F7B2002BFD50 /* CategoryCollectoinViewCell */,
			);
			path = CollectionViewCells;
			sourceTree = "<group>";
		};
		AADDF49F29E9F7B2002BFD50 /* CategoryCollectoinViewCell */ = {
			isa = PBXGroup;
			children = (
				AADDF4A029E9F7D2002BFD50 /* CategoryCollectionViewCell.swift */,
				AADDF4A829EA1176002BFD50 /* CategoryCollectionViewCell.xib */,
			);
			path = CategoryCollectoinViewCell;
			sourceTree = "<group>";
		};
		AADDF4AA29EA1523002BFD50 /* CardView */ = {
			isa = PBXGroup;
			children = (
				AADDF4AB29EA1530002BFD50 /* CardView.swift */,
			);
			path = CardView;
			sourceTree = "<group>";
		};
/* End PBXGroup section */

/* Begin PBXNativeTarget section */
		AADDF47629E9DF5C002BFD50 /* Yummie */ = {
			isa = PBXNativeTarget;
			buildConfigurationList = AADDF48B29E9DF5D002BFD50 /* Build configuration list for PBXNativeTarget "Yummie" */;
			buildPhases = (
				8269CDB2D0965A53AB260060 /* [CP] Check Pods Manifest.lock */,
				AADDF47329E9DF5C002BFD50 /* Sources */,
				AADDF47429E9DF5C002BFD50 /* Frameworks */,
				AADDF47529E9DF5C002BFD50 /* Resources */,
				73285E6B44ACA9C3DE12EF64 /* [CP] Embed Pods Frameworks */,
			);
			buildRules = (
			);
			dependencies = (
			);
			name = Yummie;
			productName = Yummie;
			productReference = AADDF47729E9DF5C002BFD50 /* Yummie.app */;
			productType = "com.apple.product-type.application";
		};
/* End PBXNativeTarget section */

/* Begin PBXProject section */
		AADDF46F29E9DF5C002BFD50 /* Project object */ = {
			isa = PBXProject;
			attributes = {
				BuildIndependentTargetsInParallel = 1;
				LastSwiftUpdateCheck = 1420;
				LastUpgradeCheck = 1420;
				TargetAttributes = {
					AADDF47629E9DF5C002BFD50 = {
						CreatedOnToolsVersion = 14.2;
					};
				};
			};
			buildConfigurationList = AADDF47229E9DF5C002BFD50 /* Build configuration list for PBXProject "Yummie" */;
			compatibilityVersion = "Xcode 14.0";
			developmentRegion = en;
			hasScannedForEncodings = 0;
			knownRegions = (
				en,
				Base,
			);
			mainGroup = AADDF46E29E9DF5C002BFD50;
			productRefGroup = AADDF47829E9DF5C002BFD50 /* Products */;
			projectDirPath = "";
			projectRoot = "";
			targets = (
				AADDF47629E9DF5C002BFD50 /* Yummie */,
			);
		};
/* End PBXProject section */

/* Begin PBXResourcesBuildPhase section */
		AADDF47529E9DF5C002BFD50 /* Resources */ = {
			isa = PBXResourcesBuildPhase;
			buildActionMask = 2147483647;
			files = (
				AADDF4A929EA1176002BFD50 /* CategoryCollectionViewCell.xib in Resources */,
				AADDF48729E9DF5D002BFD50 /* LaunchScreen.storyboard in Resources */,
				AADDF48429E9DF5D002BFD50 /* Assets.xcassets in Resources */,
				AADDF48229E9DF5C002BFD50 /* Main.storyboard in Resources */,
			);
			runOnlyForDeploymentPostprocessing = 0;
		};
/* End PBXResourcesBuildPhase section */

/* Begin PBXShellScriptBuildPhase section */
		73285E6B44ACA9C3DE12EF64 /* [CP] Embed Pods Frameworks */ = {
			isa = PBXShellScriptBuildPhase;
			buildActionMask = 2147483647;
			files = (
			);
			inputFileListPaths = (
				"${PODS_ROOT}/Target Support Files/Pods-Yummie/Pods-Yummie-frameworks-${CONFIGURATION}-input-files.xcfilelist",
			);
			name = "[CP] Embed Pods Frameworks";
			outputFileListPaths = (
				"${PODS_ROOT}/Target Support Files/Pods-Yummie/Pods-Yummie-frameworks-${CONFIGURATION}-output-files.xcfilelist",
			);
			runOnlyForDeploymentPostprocessing = 0;
			shellPath = /bin/sh;
			shellScript = "\"${PODS_ROOT}/Target Support Files/Pods-Yummie/Pods-Yummie-frameworks.sh\"\n";
			showEnvVarsInLog = 0;
		};
		8269CDB2D0965A53AB260060 /* [CP] Check Pods Manifest.lock */ = {
			isa = PBXShellScriptBuildPhase;
			buildActionMask = 2147483647;
			files = (
			);
			inputFileListPaths = (
			);
			inputPaths = (
				"${PODS_PODFILE_DIR_PATH}/Podfile.lock",
				"${PODS_ROOT}/Manifest.lock",
			);
			name = "[CP] Check Pods Manifest.lock";
			outputFileListPaths = (
			);
			outputPaths = (
				"$(DERIVED_FILE_DIR)/Pods-Yummie-checkManifestLockResult.txt",
			);
			runOnlyForDeploymentPostprocessing = 0;
			shellPath = /bin/sh;
			shellScript = "diff \"${PODS_PODFILE_DIR_PATH}/Podfile.lock\" \"${PODS_ROOT}/Manifest.lock\" > /dev/null\nif [ $? != 0 ] ; then\n    # print error to STDERR\n    echo \"error: The sandbox is not in sync with the Podfile.lock. Run 'pod install' or update your CocoaPods installation.\" >&2\n    exit 1\nfi\n# This output is used by Xcode 'outputs' to avoid re-running this script phase.\necho \"SUCCESS\" > \"${SCRIPT_OUTPUT_FILE_0}\"\n";
			showEnvVarsInLog = 0;
		};
/* End PBXShellScriptBuildPhase section */

/* Begin PBXSourcesBuildPhase section */
		AADDF47329E9DF5C002BFD50 /* Sources */ = {
			isa = PBXSourcesBuildPhase;
			buildActionMask = 2147483647;
			files = (
				AADDF4A229E9F7D2002BFD50 /* CategoryCollectionViewCell.swift in Sources */,
				AADDF49829E9E2C5002BFD50 /* OnboardingSlide.swift in Sources */,
				AADDF47B29E9DF5C002BFD50 /* AppDelegate.swift in Sources */,
				AADDF47D29E9DF5C002BFD50 /* SceneDelegate.swift in Sources */,
				AADDF49A29E9E46B002BFD50 /* OnBoardingCollectionViewCell.swift in Sources */,
				AADDF49629E9E221002BFD50 /* UIView+Extension.swift in Sources */,
				AADDF49D29E9F42D002BFD50 /* HomeViewController.swift in Sources */,
				AADDF4A529E9F8D5002BFD50 /* DishCategory.swift in Sources */,
				AADDF4A729E9F9FF002BFD50 /* String+Extension.swift in Sources */,
				AADDF4AC29EA1530002BFD50 /* CardView.swift in Sources */,
				AADDF49329E9DFBD002BFD50 /* OnBoardingViewController.swift in Sources */,
			);
			runOnlyForDeploymentPostprocessing = 0;
		};
/* End PBXSourcesBuildPhase section */

/* Begin PBXVariantGroup section */
		AADDF48029E9DF5C002BFD50 /* Main.storyboard */ = {
			isa = PBXVariantGroup;
			children = (
				AADDF48129E9DF5C002BFD50 /* Base */,
			);
			name = Main.storyboard;
			sourceTree = "<group>";
		};
		AADDF48529E9DF5D002BFD50 /* LaunchScreen.storyboard */ = {
			isa = PBXVariantGroup;
			children = (
				AADDF48629E9DF5D002BFD50 /* Base */,
			);
			name = LaunchScreen.storyboard;
			sourceTree = "<group>";
		};
/* End PBXVariantGroup section */

/* Begin XCBuildConfiguration section */
		AADDF48929E9DF5D002BFD50 /* Debug */ = {
			isa = XCBuildConfiguration;
			buildSettings = {
				ALWAYS_SEARCH_USER_PATHS = NO;
				CLANG_ANALYZER_NONNULL = YES;
				CLANG_ANALYZER_NUMBER_OBJECT_CONVERSION = YES_AGGRESSIVE;
				CLANG_CXX_LANGUAGE_STANDARD = "gnu++20";
				CLANG_ENABLE_MODULES = YES;
				CLANG_ENABLE_OBJC_ARC = YES;
				CLANG_ENABLE_OBJC_WEAK = YES;
				CLANG_WARN_BLOCK_CAPTURE_AUTORELEASING = YES;
				CLANG_WARN_BOOL_CONVERSION = YES;
				CLANG_WARN_COMMA = YES;
				CLANG_WARN_CONSTANT_CONVERSION = YES;
				CLANG_WARN_DEPRECATED_OBJC_IMPLEMENTATIONS = YES;
				CLANG_WARN_DIRECT_OBJC_ISA_USAGE = YES_ERROR;
				CLANG_WARN_DOCUMENTATION_COMMENTS = YES;
				CLANG_WARN_EMPTY_BODY = YES;
				CLANG_WARN_ENUM_CONVERSION = YES;
				CLANG_WARN_INFINITE_RECURSION = YES;
				CLANG_WARN_INT_CONVERSION = YES;
				CLANG_WARN_NON_LITERAL_NULL_CONVERSION = YES;
				CLANG_WARN_OBJC_IMPLICIT_RETAIN_SELF = YES;
				CLANG_WARN_OBJC_LITERAL_CONVERSION = YES;
				CLANG_WARN_OBJC_ROOT_CLASS = YES_ERROR;
				CLANG_WARN_QUOTED_INCLUDE_IN_FRAMEWORK_HEADER = YES;
				CLANG_WARN_RANGE_LOOP_ANALYSIS = YES;
				CLANG_WARN_STRICT_PROTOTYPES = YES;
				CLANG_WARN_SUSPICIOUS_MOVE = YES;
				CLANG_WARN_UNGUARDED_AVAILABILITY = YES_AGGRESSIVE;
				CLANG_WARN_UNREACHABLE_CODE = YES;
				CLANG_WARN__DUPLICATE_METHOD_MATCH = YES;
				COPY_PHASE_STRIP = NO;
				DEBUG_INFORMATION_FORMAT = dwarf;
				ENABLE_STRICT_OBJC_MSGSEND = YES;
				ENABLE_TESTABILITY = YES;
				GCC_C_LANGUAGE_STANDARD = gnu11;
				GCC_DYNAMIC_NO_PIC = NO;
				GCC_NO_COMMON_BLOCKS = YES;
				GCC_OPTIMIZATION_LEVEL = 0;
				GCC_PREPROCESSOR_DEFINITIONS = (
					"DEBUG=1",
					"$(inherited)",
				);
				GCC_WARN_64_TO_32_BIT_CONVERSION = YES;
				GCC_WARN_ABOUT_RETURN_TYPE = YES_ERROR;
				GCC_WARN_UNDECLARED_SELECTOR = YES;
				GCC_WARN_UNINITIALIZED_AUTOS = YES_AGGRESSIVE;
				GCC_WARN_UNUSED_FUNCTION = YES;
				GCC_WARN_UNUSED_VARIABLE = YES;
				IPHONEOS_DEPLOYMENT_TARGET = 16.2;
				MTL_ENABLE_DEBUG_INFO = INCLUDE_SOURCE;
				MTL_FAST_MATH = YES;
				ONLY_ACTIVE_ARCH = YES;
				SDKROOT = iphoneos;
				SWIFT_ACTIVE_COMPILATION_CONDITIONS = DEBUG;
				SWIFT_OPTIMIZATION_LEVEL = "-Onone";
			};
			name = Debug;
		};
		AADDF48A29E9DF5D002BFD50 /* Release */ = {
			isa = XCBuildConfiguration;
			buildSettings = {
				ALWAYS_SEARCH_USER_PATHS = NO;
				CLANG_ANALYZER_NONNULL = YES;
				CLANG_ANALYZER_NUMBER_OBJECT_CONVERSION = YES_AGGRESSIVE;
				CLANG_CXX_LANGUAGE_STANDARD = "gnu++20";
				CLANG_ENABLE_MODULES = YES;
				CLANG_ENABLE_OBJC_ARC = YES;
				CLANG_ENABLE_OBJC_WEAK = YES;
				CLANG_WARN_BLOCK_CAPTURE_AUTORELEASING = YES;
				CLANG_WARN_BOOL_CONVERSION = YES;
				CLANG_WARN_COMMA = YES;
				CLANG_WARN_CONSTANT_CONVERSION = YES;
				CLANG_WARN_DEPRECATED_OBJC_IMPLEMENTATIONS = YES;
				CLANG_WARN_DIRECT_OBJC_ISA_USAGE = YES_ERROR;
				CLANG_WARN_DOCUMENTATION_COMMENTS = YES;
				CLANG_WARN_EMPTY_BODY = YES;
				CLANG_WARN_ENUM_CONVERSION = YES;
				CLANG_WARN_INFINITE_RECURSION = YES;
				CLANG_WARN_INT_CONVERSION = YES;
				CLANG_WARN_NON_LITERAL_NULL_CONVERSION = YES;
				CLANG_WARN_OBJC_IMPLICIT_RETAIN_SELF = YES;
				CLANG_WARN_OBJC_LITERAL_CONVERSION = YES;
				CLANG_WARN_OBJC_ROOT_CLASS = YES_ERROR;
				CLANG_WARN_QUOTED_INCLUDE_IN_FRAMEWORK_HEADER = YES;
				CLANG_WARN_RANGE_LOOP_ANALYSIS = YES;
				CLANG_WARN_STRICT_PROTOTYPES = YES;
				CLANG_WARN_SUSPICIOUS_MOVE = YES;
				CLANG_WARN_UNGUARDED_AVAILABILITY = YES_AGGRESSIVE;
				CLANG_WARN_UNREACHABLE_CODE = YES;
				CLANG_WARN__DUPLICATE_METHOD_MATCH = YES;
				COPY_PHASE_STRIP = NO;
				DEBUG_INFORMATION_FORMAT = "dwarf-with-dsym";
				ENABLE_NS_ASSERTIONS = NO;
				ENABLE_STRICT_OBJC_MSGSEND = YES;
				GCC_C_LANGUAGE_STANDARD = gnu11;
				GCC_NO_COMMON_BLOCKS = YES;
				GCC_WARN_64_TO_32_BIT_CONVERSION = YES;
				GCC_WARN_ABOUT_RETURN_TYPE = YES_ERROR;
				GCC_WARN_UNDECLARED_SELECTOR = YES;
				GCC_WARN_UNINITIALIZED_AUTOS = YES_AGGRESSIVE;
				GCC_WARN_UNUSED_FUNCTION = YES;
				GCC_WARN_UNUSED_VARIABLE = YES;
				IPHONEOS_DEPLOYMENT_TARGET = 16.2;
				MTL_ENABLE_DEBUG_INFO = NO;
				MTL_FAST_MATH = YES;
				SDKROOT = iphoneos;
				SWIFT_COMPILATION_MODE = wholemodule;
				SWIFT_OPTIMIZATION_LEVEL = "-O";
				VALIDATE_PRODUCT = YES;
			};
			name = Release;
		};
		AADDF48C29E9DF5D002BFD50 /* Debug */ = {
			isa = XCBuildConfiguration;
			baseConfigurationReference = 328F78C853880C4A1CDBACE7 /* Pods-Yummie.debug.xcconfig */;
			buildSettings = {
				ASSETCATALOG_COMPILER_APPICON_NAME = AppIcon;
				ASSETCATALOG_COMPILER_GLOBAL_ACCENT_COLOR_NAME = AccentColor;
				CODE_SIGN_STYLE = Automatic;
				CURRENT_PROJECT_VERSION = 1;
				DEVELOPMENT_TEAM = R96V6F8ZCQ;
				GENERATE_INFOPLIST_FILE = YES;
				INFOPLIST_FILE = Yummie/Info.plist;
				INFOPLIST_KEY_UIApplicationSupportsIndirectInputEvents = YES;
				INFOPLIST_KEY_UILaunchStoryboardName = LaunchScreen;
				INFOPLIST_KEY_UIMainStoryboardFile = Main;
				INFOPLIST_KEY_UISupportedInterfaceOrientations_iPad = "UIInterfaceOrientationPortrait UIInterfaceOrientationPortraitUpsideDown UIInterfaceOrientationLandscapeLeft UIInterfaceOrientationLandscapeRight";
				INFOPLIST_KEY_UISupportedInterfaceOrientations_iPhone = "UIInterfaceOrientationPortrait UIInterfaceOrientationLandscapeLeft UIInterfaceOrientationLandscapeRight";
				LD_RUNPATH_SEARCH_PATHS = (
					"$(inherited)",
					"@executable_path/Frameworks",
				);
				MARKETING_VERSION = 1.0;
				PRODUCT_BUNDLE_IDENTIFIER = com.dukena.Yummie;
				PRODUCT_NAME = "$(TARGET_NAME)";
				SWIFT_EMIT_LOC_STRINGS = YES;
				SWIFT_VERSION = 5.0;
				TARGETED_DEVICE_FAMILY = "1,2";
			};
			name = Debug;
		};
		AADDF48D29E9DF5D002BFD50 /* Release */ = {
			isa = XCBuildConfiguration;
			baseConfigurationReference = D6ABDE174C80B1884163DE9F /* Pods-Yummie.release.xcconfig */;
			buildSettings = {
				ASSETCATALOG_COMPILER_APPICON_NAME = AppIcon;
				ASSETCATALOG_COMPILER_GLOBAL_ACCENT_COLOR_NAME = AccentColor;
				CODE_SIGN_STYLE = Automatic;
				CURRENT_PROJECT_VERSION = 1;
				DEVELOPMENT_TEAM = R96V6F8ZCQ;
				GENERATE_INFOPLIST_FILE = YES;
				INFOPLIST_FILE = Yummie/Info.plist;
				INFOPLIST_KEY_UIApplicationSupportsIndirectInputEvents = YES;
				INFOPLIST_KEY_UILaunchStoryboardName = LaunchScreen;
				INFOPLIST_KEY_UIMainStoryboardFile = Main;
				INFOPLIST_KEY_UISupportedInterfaceOrientations_iPad = "UIInterfaceOrientationPortrait UIInterfaceOrientationPortraitUpsideDown UIInterfaceOrientationLandscapeLeft UIInterfaceOrientationLandscapeRight";
				INFOPLIST_KEY_UISupportedInterfaceOrientations_iPhone = "UIInterfaceOrientationPortrait UIInterfaceOrientationLandscapeLeft UIInterfaceOrientationLandscapeRight";
				LD_RUNPATH_SEARCH_PATHS = (
					"$(inherited)",
					"@executable_path/Frameworks",
				);
				MARKETING_VERSION = 1.0;
				PRODUCT_BUNDLE_IDENTIFIER = com.dukena.Yummie;
				PRODUCT_NAME = "$(TARGET_NAME)";
				SWIFT_EMIT_LOC_STRINGS = YES;
				SWIFT_VERSION = 5.0;
				TARGETED_DEVICE_FAMILY = "1,2";
			};
			name = Release;
		};
/* End XCBuildConfiguration section */

/* Begin XCConfigurationList section */
		AADDF47229E9DF5C002BFD50 /* Build configuration list for PBXProject "Yummie" */ = {
			isa = XCConfigurationList;
			buildConfigurations = (
				AADDF48929E9DF5D002BFD50 /* Debug */,
				AADDF48A29E9DF5D002BFD50 /* Release */,
			);
			defaultConfigurationIsVisible = 0;
			defaultConfigurationName = Release;
		};
		AADDF48B29E9DF5D002BFD50 /* Build configuration list for PBXNativeTarget "Yummie" */ = {
			isa = XCConfigurationList;
			buildConfigurations = (
				AADDF48C29E9DF5D002BFD50 /* Debug */,
				AADDF48D29E9DF5D002BFD50 /* Release */,
			);
			defaultConfigurationIsVisible = 0;
			defaultConfigurationName = Release;
		};
/* End XCConfigurationList section */
	};
	rootObject = AADDF46F29E9DF5C002BFD50 /* Project object */;
}
